
Microsoft Visual Studio Solution File, Format Version 12.00
# Visual Studio 14
VisualStudioVersion = 14.0.24720.0
MinimumVisualStudioVersion = 10.0.40219.1
Project("{2150E333-8FDC-42A3-9474-1A3956D46DE8}") = "src", "src", "{8FA52C6E-3C4A-4EC6-9B94-FC40F714DA7F}"
EndProject
Project("{2150E333-8FDC-42A3-9474-1A3956D46DE8}") = "Solution Items", "Solution Items", "{43015F5C-174D-41BF-94FD-84A7AB23E247}"
	ProjectSection(SolutionItems) = preProject
		global.json = global.json
	EndProjectSection
EndProject
Project("{8BB2217D-0F2D-49D1-97BC-3654ED321F3B}") = "ConsoleApp", "src\ConsoleApp\ConsoleApp.xproj", "{746A9531-B811-4F0E-8847-BD66475C299F}"
EndProject
Project("{8BB2217D-0F2D-49D1-97BC-3654ED321F3B}") = "Core", "src\Core\Core.xproj", "{B4E42CB5-7A6E-4469-85E4-6459A49E1C8F}"
EndProject
Project("{8BB2217D-0F2D-49D1-97BC-3654ED321F3B}") = "WebApp", "src\WebApp\WebApp.xproj", "{08345ED0-F49A-45E6-9923-227716CC0815}"
EndProject
Project("{2150E333-8FDC-42A3-9474-1A3956D46DE8}") = "test", "test", "{CD30AF60-00A3-4675-9467-2E9DB11D0298}"
EndProject
Project("{8BB2217D-0F2D-49D1-97BC-3654ED321F3B}") = "Core.Tests", "test\Core.Tests\Core.Tests.xproj", "{B3DE9173-6821-4648-B90E-DA2A8B3990C5}"
EndProject
Global
	GlobalSection(SolutionConfigurationPlatforms) = preSolution
		Debug|Any CPU = Debug|Any CPU
		Release|Any CPU = Release|Any CPU
	EndGlobalSection
	GlobalSection(ProjectConfigurationPlatforms) = postSolution
		{746A9531-B811-4F0E-8847-BD66475C299F}.Debug|Any CPU.ActiveCfg = Debug|Any CPU
		{746A9531-B811-4F0E-8847-BD66475C299F}.Debug|Any CPU.Build.0 = Debug|Any CPU
		{746A9531-B811-4F0E-8847-BD66475C299F}.Release|Any CPU.ActiveCfg = Release|Any CPU
		{746A9531-B811-4F0E-8847-BD66475C299F}.Release|Any CPU.Build.0 = Release|Any CPU
		{B4E42CB5-7A6E-4469-85E4-6459A49E1C8F}.Debug|Any CPU.ActiveCfg = Debug|Any CPU
		{B4E42CB5-7A6E-4469-85E4-6459A49E1C8F}.Debug|Any CPU.Build.0 = Debug|Any CPU
		{B4E42CB5-7A6E-4469-85E4-6459A49E1C8F}.Release|Any CPU.ActiveCfg = Release|Any CPU
		{B4E42CB5-7A6E-4469-85E4-6459A49E1C8F}.Release|Any CPU.Build.0 = Release|Any CPU
		{08345ED0-F49A-45E6-9923-227716CC0815}.Debug|Any CPU.ActiveCfg = Debug|Any CPU
		{08345ED0-F49A-45E6-9923-227716CC0815}.Debug|Any CPU.Build.0 = Debug|Any CPU
		{08345ED0-F49A-45E6-9923-227716CC0815}.Release|Any CPU.ActiveCfg = Release|Any CPU
		{08345ED0-F49A-45E6-9923-227716CC0815}.Release|Any CPU.Build.0 = Release|Any CPU
		{B3DE9173-6821-4648-B90E-DA2A8B3990C5}.Debug|Any CPU.ActiveCfg = Debug|Any CPU
		{B3DE9173-6821-4648-B90E-DA2A8B3990C5}.Debug|Any CPU.Build.0 = Debug|Any CPU
		{B3DE9173-6821-4648-B90E-DA2A8B3990C5}.Release|Any CPU.ActiveCfg = Release|Any CPU
		{B3DE9173-6821-4648-B90E-DA2A8B3990C5}.Release|Any CPU.Build.0 = Release|Any CPU
	EndGlobalSection
	GlobalSection(SolutionProperties) = preSolution
		HideSolutionNode = FALSE
	EndGlobalSection
	GlobalSection(NestedProjects) = preSolution
		{746A9531-B811-4F0E-8847-BD66475C299F} = {8FA52C6E-3C4A-4EC6-9B94-FC40F714DA7F}
		{B4E42CB5-7A6E-4469-85E4-6459A49E1C8F} = {8FA52C6E-3C4A-4EC6-9B94-FC40F714DA7F}
		{08345ED0-F49A-45E6-9923-227716CC0815} = {8FA52C6E-3C4A-4EC6-9B94-FC40F714DA7F}
		{B3DE9173-6821-4648-B90E-DA2A8B3990C5} = {CD30AF60-00A3-4675-9467-2E9DB11D0298}
	EndGlobalSection
EndGlobal
